// !$*UTF8*$!
{
	archiveVersion = 1;
	classes = {
	};
	objectVersion = 56;
	objects = {

/* Begin PBXBuildFile section */
		09124F932C83B6E100AE524B /* Hello_worldApp.swift in Sources */ = {isa = PBXBuildFile; fileRef = 09124F922C83B6E100AE524B /* Hello_worldApp.swift */; };
		09124F952C83B6E100AE524B /* ContentView.swift in Sources */ = {isa = PBXBuildFile; fileRef = 09124F942C83B6E100AE524B /* ContentView.swift */; };
		09124F972C83B6E300AE524B /* Assets.xcassets in Resources */ = {isa = PBXBuildFile; fileRef = 09124F962C83B6E300AE524B /* Assets.xcassets */; };
		09124F9A2C83B6E300AE524B /* Preview Assets.xcassets in Resources */ = {isa = PBXBuildFile; fileRef = 09124F992C83B6E300AE524B /* Preview Assets.xcassets */; };
		09124FA42C83B6E300AE524B /* Hello_worldTests.swift in Sources */ = {isa = PBXBuildFile; fileRef = 09124FA32C83B6E300AE524B /* Hello_worldTests.swift */; };
		09124FAE2C83B6E300AE524B /* Hello_worldUITests.swift in Sources */ = {isa = PBXBuildFile; fileRef = 09124FAD2C83B6E300AE524B /* Hello_worldUITests.swift */; };
		09124FB02C83B6E300AE524B /* Hello_worldUITestsLaunchTests.swift in Sources */ = {isa = PBXBuildFile; fileRef = 09124FAF2C83B6E300AE524B /* Hello_worldUITestsLaunchTests.swift */; };
		09124FBD2C84B92E00AE524B /* CircleImage.swift in Sources */ = {isa = PBXBuildFile; fileRef = 09124FBC2C84B92E00AE524B /* CircleImage.swift */; };
		09124FBF2C84BEE500AE524B /* MapView.swift in Sources */ = {isa = PBXBuildFile; fileRef = 09124FBE2C84BEE500AE524B /* MapView.swift */; };
		09124FC12C887C5600AE524B /* landmarkData.json in Resources */ = {isa = PBXBuildFile; fileRef = 09124FC02C887C5600AE524B /* landmarkData.json */; };
		09124FC32C887C8A00AE524B /* Landmark.swift in Sources */ = {isa = PBXBuildFile; fileRef = 09124FC22C887C8A00AE524B /* Landmark.swift */; };
		09124FC52C8887E100AE524B /* ModelData.swift in Sources */ = {isa = PBXBuildFile; fileRef = 09124FC42C8887E100AE524B /* ModelData.swift */; };
		09409C502C8F3AF0004DB03E /* hikeData.json in Resources */ = {isa = PBXBuildFile; fileRef = 09409C4F2C8F3AF0004DB03E /* hikeData.json */; };
		09409C522C8F3B21004DB03E /* Hike.swift in Sources */ = {isa = PBXBuildFile; fileRef = 09409C512C8F3B21004DB03E /* Hike.swift */; };
		09409C582C8F41FB004DB03E /* GraphCapsule.swift in Sources */ = {isa = PBXBuildFile; fileRef = 09409C532C8F41FB004DB03E /* GraphCapsule.swift */; };
		09409C592C8F41FB004DB03E /* HikeDetail.swift in Sources */ = {isa = PBXBuildFile; fileRef = 09409C542C8F41FB004DB03E /* HikeDetail.swift */; };
		09409C5A2C8F41FB004DB03E /* HikeGraph.swift in Sources */ = {isa = PBXBuildFile; fileRef = 09409C552C8F41FB004DB03E /* HikeGraph.swift */; };
		09409C5B2C8F41FB004DB03E /* HikeView.swift in Sources */ = {isa = PBXBuildFile; fileRef = 09409C562C8F41FB004DB03E /* HikeView.swift */; };
		09409C5E2C92E342004DB03E /* CategoryHome.swift in Sources */ = {isa = PBXBuildFile; fileRef = 09409C5D2C92E342004DB03E /* CategoryHome.swift */; };
		09409C622C92F84B004DB03E /* CategoryRow.swift in Sources */ = {isa = PBXBuildFile; fileRef = 09409C612C92F84B004DB03E /* CategoryRow.swift */; };
		09409C642C92F996004DB03E /* CategoryItem.swift in Sources */ = {isa = PBXBuildFile; fileRef = 09409C632C92F996004DB03E /* CategoryItem.swift */; };
		09409C662C936A1D004DB03E /* Profile.swift in Sources */ = {isa = PBXBuildFile; fileRef = 09409C652C936A1D004DB03E /* Profile.swift */; };
		09409C692C936ADB004DB03E /* ProfileHost.swift in Sources */ = {isa = PBXBuildFile; fileRef = 09409C682C936ADB004DB03E /* ProfileHost.swift */; };
		09409C6B2C936B40004DB03E /* ProfileSummary.swift in Sources */ = {isa = PBXBuildFile; fileRef = 09409C6A2C936B40004DB03E /* ProfileSummary.swift */; };
		09409C6D2C936D24004DB03E /* HikeBadge.swift in Sources */ = {isa = PBXBuildFile; fileRef = 09409C6C2C936D24004DB03E /* HikeBadge.swift */; };
		0994AD962C94294600F8D4E6 /* ProfileEditor.swift in Sources */ = {isa = PBXBuildFile; fileRef = 0994AD952C94294600F8D4E6 /* ProfileEditor.swift */; };
		09CE52992C8A3EBF000F5654 /* Favoritebutton.swift in Sources */ = {isa = PBXBuildFile; fileRef = 09CE52982C8A3EBF000F5654 /* Favoritebutton.swift */; };
		09CE52A12C8A4117000F5654 /* LandmarkDetail.swift in Sources */ = {isa = PBXBuildFile; fileRef = 09CE529D2C8A4117000F5654 /* LandmarkDetail.swift */; };
		09CE52A22C8A4117000F5654 /* LandmarkList.swift in Sources */ = {isa = PBXBuildFile; fileRef = 09CE529E2C8A4117000F5654 /* LandmarkList.swift */; };
		09CE52A92C8A41B7000F5654 /* LandmarkRow.swift in Sources */ = {isa = PBXBuildFile; fileRef = 09CE52A72C8A41B7000F5654 /* LandmarkRow.swift */; };
		09CE52AD2C8B4229000F5654 /* HexagonParameters.swift in Sources */ = {isa = PBXBuildFile; fileRef = 09CE52AC2C8B4229000F5654 /* HexagonParameters.swift */; };
		09CE52AF2C8B44FB000F5654 /* BadgeBackground.swift in Sources */ = {isa = PBXBuildFile; fileRef = 09CE52AE2C8B44FB000F5654 /* BadgeBackground.swift */; };
		09DBF6392C8F31860097923B /* BadgeSymbol.swift in Sources */ = {isa = PBXBuildFile; fileRef = 09DBF6382C8F31860097923B /* BadgeSymbol.swift */; };
		09DBF63B2C8F32C20097923B /* RotatedBadgeSymbol.swift in Sources */ = {isa = PBXBuildFile; fileRef = 09DBF63A2C8F32C20097923B /* RotatedBadgeSymbol.swift */; };
		09DBF63D2C8F335B0097923B /* Badge.swift in Sources */ = {isa = PBXBuildFile; fileRef = 09DBF63C2C8F335B0097923B /* Badge.swift */; };
/* End PBXBuildFile section */

/* Begin PBXContainerItemProxy section */
		09124FA02C83B6E300AE524B /* PBXContainerItemProxy */ = {
			isa = PBXContainerItemProxy;
			containerPortal = 09124F872C83B6E100AE524B /* Project object */;
			proxyType = 1;
			remoteGlobalIDString = 09124F8E2C83B6E100AE524B;
			remoteInfo = "Hello world";
		};
		09124FAA2C83B6E300AE524B /* PBXContainerItemProxy */ = {
			isa = PBXContainerItemProxy;
			containerPortal = 09124F872C83B6E100AE524B /* Project object */;
			proxyType = 1;
			remoteGlobalIDString = 09124F8E2C83B6E100AE524B;
			remoteInfo = "Hello world";
		};
/* End PBXContainerItemProxy section */

/* Begin PBXFileReference section */
		09124F8F2C83B6E100AE524B /* Hello world.app */ = {isa = PBXFileReference; explicitFileType = wrapper.application; includeInIndex = 0; path = "Hello world.app"; sourceTree = BUILT_PRODUCTS_DIR; };
		09124F922C83B6E100AE524B /* Hello_worldApp.swift */ = {isa = PBXFileReference; lastKnownFileType = sourcecode.swift; path = Hello_worldApp.swift; sourceTree = "<group>"; };
		09124F942C83B6E100AE524B /* ContentView.swift */ = {isa = PBXFileReference; lastKnownFileType = sourcecode.swift; path = ContentView.swift; sourceTree = "<group>"; };
		09124F962C83B6E300AE524B /* Assets.xcassets */ = {isa = PBXFileReference; lastKnownFileType = folder.assetcatalog; path = Assets.xcassets; sourceTree = "<group>"; };
		09124F992C83B6E300AE524B /* Preview Assets.xcassets */ = {isa = PBXFileReference; lastKnownFileType = folder.assetcatalog; path = "Preview Assets.xcassets"; sourceTree = "<group>"; };
		09124F9F2C83B6E300AE524B /* Hello worldTests.xctest */ = {isa = PBXFileReference; explicitFileType = wrapper.cfbundle; includeInIndex = 0; path = "Hello worldTests.xctest"; sourceTree = BUILT_PRODUCTS_DIR; };
		09124FA32C83B6E300AE524B /* Hello_worldTests.swift */ = {isa = PBXFileReference; lastKnownFileType = sourcecode.swift; path = Hello_worldTests.swift; sourceTree = "<group>"; };
		09124FA92C83B6E300AE524B /* Hello worldUITests.xctest */ = {isa = PBXFileReference; explicitFileType = wrapper.cfbundle; includeInIndex = 0; path = "Hello worldUITests.xctest"; sourceTree = BUILT_PRODUCTS_DIR; };
		09124FAD2C83B6E300AE524B /* Hello_worldUITests.swift */ = {isa = PBXFileReference; lastKnownFileType = sourcecode.swift; path = Hello_worldUITests.swift; sourceTree = "<group>"; };
		09124FAF2C83B6E300AE524B /* Hello_worldUITestsLaunchTests.swift */ = {isa = PBXFileReference; lastKnownFileType = sourcecode.swift; path = Hello_worldUITestsLaunchTests.swift; sourceTree = "<group>"; };
		09124FBC2C84B92E00AE524B /* CircleImage.swift */ = {isa = PBXFileReference; lastKnownFileType = sourcecode.swift; path = CircleImage.swift; sourceTree = "<group>"; };
		09124FBE2C84BEE500AE524B /* MapView.swift */ = {isa = PBXFileReference; lastKnownFileType = sourcecode.swift; path = MapView.swift; sourceTree = "<group>"; };
		09124FC02C887C5600AE524B /* landmarkData.json */ = {isa = PBXFileReference; fileEncoding = 4; lastKnownFileType = text.json; path = landmarkData.json; sourceTree = "<group>"; };
		09124FC22C887C8A00AE524B /* Landmark.swift */ = {isa = PBXFileReference; lastKnownFileType = sourcecode.swift; path = Landmark.swift; sourceTree = "<group>"; };
		09124FC42C8887E100AE524B /* ModelData.swift */ = {isa = PBXFileReference; lastKnownFileType = sourcecode.swift; path = ModelData.swift; sourceTree = "<group>"; };
		09409C4F2C8F3AF0004DB03E /* hikeData.json */ = {isa = PBXFileReference; fileEncoding = 4; lastKnownFileType = text.json; path = hikeData.json; sourceTree = "<group>"; };
		09409C512C8F3B21004DB03E /* Hike.swift */ = {isa = PBXFileReference; lastKnownFileType = sourcecode.swift; path = Hike.swift; sourceTree = "<group>"; };
		09409C532C8F41FB004DB03E /* GraphCapsule.swift */ = {isa = PBXFileReference; fileEncoding = 4; lastKnownFileType = sourcecode.swift; path = GraphCapsule.swift; sourceTree = "<group>"; };
		09409C542C8F41FB004DB03E /* HikeDetail.swift */ = {isa = PBXFileReference; fileEncoding = 4; lastKnownFileType = sourcecode.swift; path = HikeDetail.swift; sourceTree = "<group>"; };
		09409C552C8F41FB004DB03E /* HikeGraph.swift */ = {isa = PBXFileReference; fileEncoding = 4; lastKnownFileType = sourcecode.swift; path = HikeGraph.swift; sourceTree = "<group>"; };
		09409C562C8F41FB004DB03E /* HikeView.swift */ = {isa = PBXFileReference; fileEncoding = 4; lastKnownFileType = sourcecode.swift; path = HikeView.swift; sourceTree = "<group>"; };
		09409C5D2C92E342004DB03E /* CategoryHome.swift */ = {isa = PBXFileReference; lastKnownFileType = sourcecode.swift; path = CategoryHome.swift; sourceTree = "<group>"; };
		09409C612C92F84B004DB03E /* CategoryRow.swift */ = {isa = PBXFileReference; lastKnownFileType = sourcecode.swift; path = CategoryRow.swift; sourceTree = "<group>"; };
		09409C632C92F996004DB03E /* CategoryItem.swift */ = {isa = PBXFileReference; lastKnownFileType = sourcecode.swift; path = CategoryItem.swift; sourceTree = "<group>"; };
		09409C652C936A1D004DB03E /* Profile.swift */ = {isa = PBXFileReference; lastKnownFileType = sourcecode.swift; path = Profile.swift; sourceTree = "<group>"; };
		09409C682C936ADB004DB03E /* ProfileHost.swift */ = {isa = PBXFileReference; lastKnownFileType = sourcecode.swift; path = ProfileHost.swift; sourceTree = "<group>"; };
		09409C6A2C936B40004DB03E /* ProfileSummary.swift */ = {isa = PBXFileReference; lastKnownFileType = sourcecode.swift; path = ProfileSummary.swift; sourceTree = "<group>"; };
		09409C6C2C936D24004DB03E /* HikeBadge.swift */ = {isa = PBXFileReference; lastKnownFileType = sourcecode.swift; path = HikeBadge.swift; sourceTree = "<group>"; };
		0994AD952C94294600F8D4E6 /* ProfileEditor.swift */ = {isa = PBXFileReference; lastKnownFileType = sourcecode.swift; path = ProfileEditor.swift; sourceTree = "<group>"; };
		09CE52982C8A3EBF000F5654 /* Favoritebutton.swift */ = {isa = PBXFileReference; lastKnownFileType = sourcecode.swift; path = Favoritebutton.swift; sourceTree = "<group>"; };
		09CE529D2C8A4117000F5654 /* LandmarkDetail.swift */ = {isa = PBXFileReference; fileEncoding = 4; lastKnownFileType = sourcecode.swift; path = LandmarkDetail.swift; sourceTree = "<group>"; };
		09CE529E2C8A4117000F5654 /* LandmarkList.swift */ = {isa = PBXFileReference; fileEncoding = 4; lastKnownFileType = sourcecode.swift; path = LandmarkList.swift; sourceTree = "<group>"; };
		09CE52A72C8A41B7000F5654 /* LandmarkRow.swift */ = {isa = PBXFileReference; fileEncoding = 4; lastKnownFileType = sourcecode.swift; path = LandmarkRow.swift; sourceTree = "<group>"; };
		09CE52AC2C8B4229000F5654 /* HexagonParameters.swift */ = {isa = PBXFileReference; lastKnownFileType = sourcecode.swift; path = HexagonParameters.swift; sourceTree = "<group>"; };
		09CE52AE2C8B44FB000F5654 /* BadgeBackground.swift */ = {isa = PBXFileReference; lastKnownFileType = sourcecode.swift; path = BadgeBackground.swift; sourceTree = "<group>"; };
		09DBF6382C8F31860097923B /* BadgeSymbol.swift */ = {isa = PBXFileReference; lastKnownFileType = sourcecode.swift; path = BadgeSymbol.swift; sourceTree = "<group>"; };
		09DBF63A2C8F32C20097923B /* RotatedBadgeSymbol.swift */ = {isa = PBXFileReference; lastKnownFileType = sourcecode.swift; path = RotatedBadgeSymbol.swift; sourceTree = "<group>"; };
		09DBF63C2C8F335B0097923B /* Badge.swift */ = {isa = PBXFileReference; lastKnownFileType = sourcecode.swift; path = Badge.swift; sourceTree = "<group>"; };
/* End PBXFileReference section */

/* Begin PBXFrameworksBuildPhase section */
		09124F8C2C83B6E100AE524B /* Frameworks */ = {
			isa = PBXFrameworksBuildPhase;
			buildActionMask = 2147483647;
			files = (
			);
			runOnlyForDeploymentPostprocessing = 0;
		};
		09124F9C2C83B6E300AE524B /* Frameworks */ = {
			isa = PBXFrameworksBuildPhase;
			buildActionMask = 2147483647;
			files = (
			);
			runOnlyForDeploymentPostprocessing = 0;
		};
		09124FA62C83B6E300AE524B /* Frameworks */ = {
			isa = PBXFrameworksBuildPhase;
			buildActionMask = 2147483647;
			files = (
			);
			runOnlyForDeploymentPostprocessing = 0;
		};
/* End PBXFrameworksBuildPhase section */

/* Begin PBXGroup section */
		09124F862C83B6E100AE524B = {
			isa = PBXGroup;
			children = (
				09124F912C83B6E100AE524B /* Hello world */,
				09124FA22C83B6E300AE524B /* Hello worldTests */,
				09124FAC2C83B6E300AE524B /* Hello worldUITests */,
				09124F902C83B6E100AE524B /* Products */,
			);
			sourceTree = "<group>";
		};
		09124F902C83B6E100AE524B /* Products */ = {
			isa = PBXGroup;
			children = (
				09124F8F2C83B6E100AE524B /* Hello world.app */,
				09124F9F2C83B6E300AE524B /* Hello worldTests.xctest */,
				09124FA92C83B6E300AE524B /* Hello worldUITests.xctest */,
			);
			name = Products;
			sourceTree = "<group>";
		};
		09124F912C83B6E100AE524B /* Hello world */ = {
			isa = PBXGroup;
			children = (
				09124F922C83B6E100AE524B /* Hello_worldApp.swift */,
				09124FC62C888BEC00AE524B /* Views */,
				09124FC72C888C1900AE524B /* Model */,
				09124FC82C888C5800AE524B /* Resources */,
				09124F962C83B6E300AE524B /* Assets.xcassets */,
				09124F982C83B6E300AE524B /* Preview Content */,
				09409C512C8F3B21004DB03E /* Hike.swift */,
			);
			path = "Hello world";
			sourceTree = "<group>";
		};
		09124F982C83B6E300AE524B /* Preview Content */ = {
			isa = PBXGroup;
			children = (
				09124F992C83B6E300AE524B /* Preview Assets.xcassets */,
			);
			path = "Preview Content";
			sourceTree = "<group>";
		};
		09124FA22C83B6E300AE524B /* Hello worldTests */ = {
			isa = PBXGroup;
			children = (
				09124FA32C83B6E300AE524B /* Hello_worldTests.swift */,
			);
			path = "Hello worldTests";
			sourceTree = "<group>";
		};
		09124FAC2C83B6E300AE524B /* Hello worldUITests */ = {
			isa = PBXGroup;
			children = (
				09124FAD2C83B6E300AE524B /* Hello_worldUITests.swift */,
				09124FAF2C83B6E300AE524B /* Hello_worldUITestsLaunchTests.swift */,
			);
			path = "Hello worldUITests";
			sourceTree = "<group>";
		};
		09124FC62C888BEC00AE524B /* Views */ = {
			isa = PBXGroup;
			children = (
				09409C672C936A92004DB03E /* Profiles */,
				09409C5C2C92E32A004DB03E /* Categories */,
				09409C572C8F41FB004DB03E /* Hikes */,
				09124F942C83B6E100AE524B /* ContentView.swift */,
				09CE52A02C8A4117000F5654 /* Landmarks */,
				09CE529A2C8A3FD6000F5654 /* Helper */,
				09DBF63E2C8F34A00097923B /* Badges */,
			);
			path = Views;
			sourceTree = "<group>";
		};
		09124FC72C888C1900AE524B /* Model */ = {
			isa = PBXGroup;
			children = (
				09124FC22C887C8A00AE524B /* Landmark.swift */,
				09124FC42C8887E100AE524B /* ModelData.swift */,
				09409C652C936A1D004DB03E /* Profile.swift */,
			);
			path = Model;
			sourceTree = "<group>";
		};
		09124FC82C888C5800AE524B /* Resources */ = {
			isa = PBXGroup;
			children = (
				09124FC02C887C5600AE524B /* landmarkData.json */,
				09409C4F2C8F3AF0004DB03E /* hikeData.json */,
			);
			path = Resources;
			sourceTree = "<group>";
		};
		09409C572C8F41FB004DB03E /* Hikes */ = {
			isa = PBXGroup;
			children = (
				09409C532C8F41FB004DB03E /* GraphCapsule.swift */,
				09409C542C8F41FB004DB03E /* HikeDetail.swift */,
				09409C552C8F41FB004DB03E /* HikeGraph.swift */,
				09409C562C8F41FB004DB03E /* HikeView.swift */,
				09409C6C2C936D24004DB03E /* HikeBadge.swift */,
			);
			path = Hikes;
			sourceTree = "<group>";
		};
		09409C5C2C92E32A004DB03E /* Categories */ = {
			isa = PBXGroup;
			children = (
				09409C5D2C92E342004DB03E /* CategoryHome.swift */,
				09409C612C92F84B004DB03E /* CategoryRow.swift */,
				09409C632C92F996004DB03E /* CategoryItem.swift */,
			);
			path = Categories;
			sourceTree = "<group>";
		};
		09409C672C936A92004DB03E /* Profiles */ = {
			isa = PBXGroup;
			children = (
				09409C682C936ADB004DB03E /* ProfileHost.swift */,
				09409C6A2C936B40004DB03E /* ProfileSummary.swift */,
				0994AD952C94294600F8D4E6 /* ProfileEditor.swift */,
			);
			path = Profiles;
			sourceTree = "<group>";
		};
		09CE529A2C8A3FD6000F5654 /* Helper */ = {
			isa = PBXGroup;
			children = (
				09124FBC2C84B92E00AE524B /* CircleImage.swift */,
				09124FBE2C84BEE500AE524B /* MapView.swift */,
				09CE52982C8A3EBF000F5654 /* Favoritebutton.swift */,
			);
			path = Helper;
			sourceTree = "<group>";
		};
		09CE52A02C8A4117000F5654 /* Landmarks */ = {
			isa = PBXGroup;
			children = (
				09CE529E2C8A4117000F5654 /* LandmarkList.swift */,
				09CE52A72C8A41B7000F5654 /* LandmarkRow.swift */,
				09CE529D2C8A4117000F5654 /* LandmarkDetail.swift */,
			);
			path = Landmarks;
			sourceTree = "<group>";
		};
		09DBF63E2C8F34A00097923B /* Badges */ = {
			isa = PBXGroup;
			children = (
				09DBF63C2C8F335B0097923B /* Badge.swift */,
				09CE52AE2C8B44FB000F5654 /* BadgeBackground.swift */,
				09DBF6382C8F31860097923B /* BadgeSymbol.swift */,
				09DBF63A2C8F32C20097923B /* RotatedBadgeSymbol.swift */,
				09CE52AC2C8B4229000F5654 /* HexagonParameters.swift */,
			);
			path = Badges;
			sourceTree = "<group>";
		};
/* End PBXGroup section */

/* Begin PBXNativeTarget section */
		09124F8E2C83B6E100AE524B /* Hello world */ = {
			isa = PBXNativeTarget;
			buildConfigurationList = 09124FB32C83B6E300AE524B /* Build configuration list for PBXNativeTarget "Hello world" */;
			buildPhases = (
				09124F8B2C83B6E100AE524B /* Sources */,
				09124F8C2C83B6E100AE524B /* Frameworks */,
				09124F8D2C83B6E100AE524B /* Resources */,
			);
			buildRules = (
			);
			dependencies = (
			);
			name = "Hello world";
			productName = "Hello world";
			productReference = 09124F8F2C83B6E100AE524B /* Hello world.app */;
			productType = "com.apple.product-type.application";
		};
		09124F9E2C83B6E300AE524B /* Hello worldTests */ = {
			isa = PBXNativeTarget;
			buildConfigurationList = 09124FB62C83B6E300AE524B /* Build configuration list for PBXNativeTarget "Hello worldTests" */;
			buildPhases = (
				09124F9B2C83B6E300AE524B /* Sources */,
				09124F9C2C83B6E300AE524B /* Frameworks */,
				09124F9D2C83B6E300AE524B /* Resources */,
			);
			buildRules = (
			);
			dependencies = (
				09124FA12C83B6E300AE524B /* PBXTargetDependency */,
			);
			name = "Hello worldTests";
			productName = "Hello worldTests";
			productReference = 09124F9F2C83B6E300AE524B /* Hello worldTests.xctest */;
			productType = "com.apple.product-type.bundle.unit-test";
		};
		09124FA82C83B6E300AE524B /* Hello worldUITests */ = {
			isa = PBXNativeTarget;
			buildConfigurationList = 09124FB92C83B6E300AE524B /* Build configuration list for PBXNativeTarget "Hello worldUITests" */;
			buildPhases = (
				09124FA52C83B6E300AE524B /* Sources */,
				09124FA62C83B6E300AE524B /* Frameworks */,
				09124FA72C83B6E300AE524B /* Resources */,
			);
			buildRules = (
			);
			dependencies = (
				09124FAB2C83B6E300AE524B /* PBXTargetDependency */,
			);
			name = "Hello worldUITests";
			productName = "Hello worldUITests";
			productReference = 09124FA92C83B6E300AE524B /* Hello worldUITests.xctest */;
			productType = "com.apple.product-type.bundle.ui-testing";
		};
/* End PBXNativeTarget section */

/* Begin PBXProject section */
		09124F872C83B6E100AE524B /* Project object */ = {
			isa = PBXProject;
			attributes = {
				BuildIndependentTargetsInParallel = 1;
				LastSwiftUpdateCheck = 1540;
				LastUpgradeCheck = 1540;
				TargetAttributes = {
					09124F8E2C83B6E100AE524B = {
						CreatedOnToolsVersion = 15.4;
					};
					09124F9E2C83B6E300AE524B = {
						CreatedOnToolsVersion = 15.4;
						TestTargetID = 09124F8E2C83B6E100AE524B;
					};
					09124FA82C83B6E300AE524B = {
						CreatedOnToolsVersion = 15.4;
						TestTargetID = 09124F8E2C83B6E100AE524B;
					};
				};
			};
			buildConfigurationList = 09124F8A2C83B6E100AE524B /* Build configuration list for PBXProject "Hello world" */;
			compatibilityVersion = "Xcode 14.0";
			developmentRegion = en;
			hasScannedForEncodings = 0;
			knownRegions = (
				en,
				Base,
			);
			mainGroup = 09124F862C83B6E100AE524B;
			productRefGroup = 09124F902C83B6E100AE524B /* Products */;
			projectDirPath = "";
			projectRoot = "";
			targets = (
				09124F8E2C83B6E100AE524B /* Hello world */,
				09124F9E2C83B6E300AE524B /* Hello worldTests */,
				09124FA82C83B6E300AE524B /* Hello worldUITests */,
			);
		};
/* End PBXProject section */

/* Begin PBXResourcesBuildPhase section */
		09124F8D2C83B6E100AE524B /* Resources */ = {
			isa = PBXResourcesBuildPhase;
			buildActionMask = 2147483647;
			files = (
				09409C502C8F3AF0004DB03E /* hikeData.json in Resources */,
				09124F9A2C83B6E300AE524B /* Preview Assets.xcassets in Resources */,
				09124F972C83B6E300AE524B /* Assets.xcassets in Resources */,
				09124FC12C887C5600AE524B /* landmarkData.json in Resources */,
			);
			runOnlyForDeploymentPostprocessing = 0;
		};
		09124F9D2C83B6E300AE524B /* Resources */ = {
			isa = PBXResourcesBuildPhase;
			buildActionMask = 2147483647;
			files = (
			);
			runOnlyForDeploymentPostprocessing = 0;
		};
		09124FA72C83B6E300AE524B /* Resources */ = {
			isa = PBXResourcesBuildPhase;
			buildActionMask = 2147483647;
			files = (
			);
			runOnlyForDeploymentPostprocessing = 0;
		};
/* End PBXResourcesBuildPhase section */

/* Begin PBXSourcesBuildPhase section */
		09124F8B2C83B6E100AE524B /* Sources */ = {
			isa = PBXSourcesBuildPhase;
			buildActionMask = 2147483647;
			files = (
				09409C622C92F84B004DB03E /* CategoryRow.swift in Sources */,
				09409C662C936A1D004DB03E /* Profile.swift in Sources */,
				09124F952C83B6E100AE524B /* ContentView.swift in Sources */,
				09409C5E2C92E342004DB03E /* CategoryHome.swift in Sources */,
				09DBF63D2C8F335B0097923B /* Badge.swift in Sources */,
				09CE52A92C8A41B7000F5654 /* LandmarkRow.swift in Sources */,
				09409C582C8F41FB004DB03E /* GraphCapsule.swift in Sources */,
				09409C5A2C8F41FB004DB03E /* HikeGraph.swift in Sources */,
				09124FBF2C84BEE500AE524B /* MapView.swift in Sources */,
				09124F932C83B6E100AE524B /* Hello_worldApp.swift in Sources */,
				09409C642C92F996004DB03E /* CategoryItem.swift in Sources */,
				09CE52AD2C8B4229000F5654 /* HexagonParameters.swift in Sources */,
				09409C6B2C936B40004DB03E /* ProfileSummary.swift in Sources */,
				09409C522C8F3B21004DB03E /* Hike.swift in Sources */,
				09409C692C936ADB004DB03E /* ProfileHost.swift in Sources */,
				09DBF63B2C8F32C20097923B /* RotatedBadgeSymbol.swift in Sources */,
				09DBF6392C8F31860097923B /* BadgeSymbol.swift in Sources */,
				09CE52992C8A3EBF000F5654 /* Favoritebutton.swift in Sources */,
				0994AD962C94294600F8D4E6 /* ProfileEditor.swift in Sources */,
				09409C592C8F41FB004DB03E /* HikeDetail.swift in Sources */,
				09409C5B2C8F41FB004DB03E /* HikeView.swift in Sources */,
				09124FBD2C84B92E00AE524B /* CircleImage.swift in Sources */,
				09CE52AF2C8B44FB000F5654 /* BadgeBackground.swift in Sources */,
				09409C6D2C936D24004DB03E /* HikeBadge.swift in Sources */,
				09CE52A22C8A4117000F5654 /* LandmarkList.swift in Sources */,
				09124FC32C887C8A00AE524B /* Landmark.swift in Sources */,
				09124FC52C8887E100AE524B /* ModelData.swift in Sources */,
				09CE52A12C8A4117000F5654 /* LandmarkDetail.swift in Sources */,
			);
			runOnlyForDeploymentPostprocessing = 0;
		};
		09124F9B2C83B6E300AE524B /* Sources */ = {
			isa = PBXSourcesBuildPhase;
			buildActionMask = 2147483647;
			files = (
				09124FA42C83B6E300AE524B /* Hello_worldTests.swift in Sources */,
			);
			runOnlyForDeploymentPostprocessing = 0;
		};
		09124FA52C83B6E300AE524B /* Sources */ = {
			isa = PBXSourcesBuildPhase;
			buildActionMask = 2147483647;
			files = (
				09124FB02C83B6E300AE524B /* Hello_worldUITestsLaunchTests.swift in Sources */,
				09124FAE2C83B6E300AE524B /* Hello_worldUITests.swift in Sources */,
			);
			runOnlyForDeploymentPostprocessing = 0;
		};
/* End PBXSourcesBuildPhase section */

/* Begin PBXTargetDependency section */
		09124FA12C83B6E300AE524B /* PBXTargetDependency */ = {
			isa = PBXTargetDependency;
			target = 09124F8E2C83B6E100AE524B /* Hello world */;
			targetProxy = 09124FA02C83B6E300AE524B /* PBXContainerItemProxy */;
		};
		09124FAB2C83B6E300AE524B /* PBXTargetDependency */ = {
			isa = PBXTargetDependency;
			target = 09124F8E2C83B6E100AE524B /* Hello world */;
			targetProxy = 09124FAA2C83B6E300AE524B /* PBXContainerItemProxy */;
		};
/* End PBXTargetDependency section */

/* Begin XCBuildConfiguration section */
		09124FB12C83B6E300AE524B /* Debug */ = {
			isa = XCBuildConfiguration;
			buildSettings = {
				ALWAYS_SEARCH_USER_PATHS = NO;
				ASSETCATALOG_COMPILER_GENERATE_SWIFT_ASSET_SYMBOL_EXTENSIONS = YES;
				CLANG_ANALYZER_NONNULL = YES;
				CLANG_ANALYZER_NUMBER_OBJECT_CONVERSION = YES_AGGRESSIVE;
				CLANG_CXX_LANGUAGE_STANDARD = "gnu++20";
				CLANG_ENABLE_MODULES = YES;
				CLANG_ENABLE_OBJC_ARC = YES;
				CLANG_ENABLE_OBJC_WEAK = YES;
				CLANG_WARN_BLOCK_CAPTURE_AUTORELEASING = YES;
				CLANG_WARN_BOOL_CONVERSION = YES;
				CLANG_WARN_COMMA = YES;
				CLANG_WARN_CONSTANT_CONVERSION = YES;
				CLANG_WARN_DEPRECATED_OBJC_IMPLEMENTATIONS = YES;
				CLANG_WARN_DIRECT_OBJC_ISA_USAGE = YES_ERROR;
				CLANG_WARN_DOCUMENTATION_COMMENTS = YES;
				CLANG_WARN_EMPTY_BODY = YES;
				CLANG_WARN_ENUM_CONVERSION = YES;
				CLANG_WARN_INFINITE_RECURSION = YES;
				CLANG_WARN_INT_CONVERSION = YES;
				CLANG_WARN_NON_LITERAL_NULL_CONVERSION = YES;
				CLANG_WARN_OBJC_IMPLICIT_RETAIN_SELF = YES;
				CLANG_WARN_OBJC_LITERAL_CONVERSION = YES;
				CLANG_WARN_OBJC_ROOT_CLASS = YES_ERROR;
				CLANG_WARN_QUOTED_INCLUDE_IN_FRAMEWORK_HEADER = YES;
				CLANG_WARN_RANGE_LOOP_ANALYSIS = YES;
				CLANG_WARN_STRICT_PROTOTYPES = YES;
				CLANG_WARN_SUSPICIOUS_MOVE = YES;
				CLANG_WARN_UNGUARDED_AVAILABILITY = YES_AGGRESSIVE;
				CLANG_WARN_UNREACHABLE_CODE = YES;
				CLANG_WARN__DUPLICATE_METHOD_MATCH = YES;
				COPY_PHASE_STRIP = NO;
				DEBUG_INFORMATION_FORMAT = dwarf;
				ENABLE_STRICT_OBJC_MSGSEND = YES;
				ENABLE_TESTABILITY = YES;
				ENABLE_USER_SCRIPT_SANDBOXING = YES;
				GCC_C_LANGUAGE_STANDARD = gnu17;
				GCC_DYNAMIC_NO_PIC = NO;
				GCC_NO_COMMON_BLOCKS = YES;
				GCC_OPTIMIZATION_LEVEL = 0;
				GCC_PREPROCESSOR_DEFINITIONS = (
					"DEBUG=1",
					"$(inherited)",
				);
				GCC_WARN_64_TO_32_BIT_CONVERSION = YES;
				GCC_WARN_ABOUT_RETURN_TYPE = YES_ERROR;
				GCC_WARN_UNDECLARED_SELECTOR = YES;
				GCC_WARN_UNINITIALIZED_AUTOS = YES_AGGRESSIVE;
				GCC_WARN_UNUSED_FUNCTION = YES;
				GCC_WARN_UNUSED_VARIABLE = YES;
				IPHONEOS_DEPLOYMENT_TARGET = 17.5;
				LOCALIZATION_PREFERS_STRING_CATALOGS = YES;
				MTL_ENABLE_DEBUG_INFO = INCLUDE_SOURCE;
				MTL_FAST_MATH = YES;
				ONLY_ACTIVE_ARCH = YES;
				SDKROOT = iphoneos;
				SWIFT_ACTIVE_COMPILATION_CONDITIONS = "DEBUG $(inherited)";
				SWIFT_OPTIMIZATION_LEVEL = "-Onone";
			};
			name = Debug;
		};
		09124FB22C83B6E300AE524B /* Release */ = {
			isa = XCBuildConfiguration;
			buildSettings = {
				ALWAYS_SEARCH_USER_PATHS = NO;
				ASSETCATALOG_COMPILER_GENERATE_SWIFT_ASSET_SYMBOL_EXTENSIONS = YES;
				CLANG_ANALYZER_NONNULL = YES;
				CLANG_ANALYZER_NUMBER_OBJECT_CONVERSION = YES_AGGRESSIVE;
				CLANG_CXX_LANGUAGE_STANDARD = "gnu++20";
				CLANG_ENABLE_MODULES = YES;
				CLANG_ENABLE_OBJC_ARC = YES;
				CLANG_ENABLE_OBJC_WEAK = YES;
				CLANG_WARN_BLOCK_CAPTURE_AUTORELEASING = YES;
				CLANG_WARN_BOOL_CONVERSION = YES;
				CLANG_WARN_COMMA = YES;
				CLANG_WARN_CONSTANT_CONVERSION = YES;
				CLANG_WARN_DEPRECATED_OBJC_IMPLEMENTATIONS = YES;
				CLANG_WARN_DIRECT_OBJC_ISA_USAGE = YES_ERROR;
				CLANG_WARN_DOCUMENTATION_COMMENTS = YES;
				CLANG_WARN_EMPTY_BODY = YES;
				CLANG_WARN_ENUM_CONVERSION = YES;
				CLANG_WARN_INFINITE_RECURSION = YES;
				CLANG_WARN_INT_CONVERSION = YES;
				CLANG_WARN_NON_LITERAL_NULL_CONVERSION = YES;
				CLANG_WARN_OBJC_IMPLICIT_RETAIN_SELF = YES;
				CLANG_WARN_OBJC_LITERAL_CONVERSION = YES;
				CLANG_WARN_OBJC_ROOT_CLASS = YES_ERROR;
				CLANG_WARN_QUOTED_INCLUDE_IN_FRAMEWORK_HEADER = YES;
				CLANG_WARN_RANGE_LOOP_ANALYSIS = YES;
				CLANG_WARN_STRICT_PROTOTYPES = YES;
				CLANG_WARN_SUSPICIOUS_MOVE = YES;
				CLANG_WARN_UNGUARDED_AVAILABILITY = YES_AGGRESSIVE;
				CLANG_WARN_UNREACHABLE_CODE = YES;
				CLANG_WARN__DUPLICATE_METHOD_MATCH = YES;
				COPY_PHASE_STRIP = NO;
				DEBUG_INFORMATION_FORMAT = "dwarf-with-dsym";
				ENABLE_NS_ASSERTIONS = NO;
				ENABLE_STRICT_OBJC_MSGSEND = YES;
				ENABLE_USER_SCRIPT_SANDBOXING = YES;
				GCC_C_LANGUAGE_STANDARD = gnu17;
				GCC_NO_COMMON_BLOCKS = YES;
				GCC_WARN_64_TO_32_BIT_CONVERSION = YES;
				GCC_WARN_ABOUT_RETURN_TYPE = YES_ERROR;
				GCC_WARN_UNDECLARED_SELECTOR = YES;
				GCC_WARN_UNINITIALIZED_AUTOS = YES_AGGRESSIVE;
				GCC_WARN_UNUSED_FUNCTION = YES;
				GCC_WARN_UNUSED_VARIABLE = YES;
				IPHONEOS_DEPLOYMENT_TARGET = 17.5;
				LOCALIZATION_PREFERS_STRING_CATALOGS = YES;
				MTL_ENABLE_DEBUG_INFO = NO;
				MTL_FAST_MATH = YES;
				SDKROOT = iphoneos;
				SWIFT_COMPILATION_MODE = wholemodule;
				VALIDATE_PRODUCT = YES;
			};
			name = Release;
		};
		09124FB42C83B6E300AE524B /* Debug */ = {
			isa = XCBuildConfiguration;
			buildSettings = {
				ASSETCATALOG_COMPILER_APPICON_NAME = AppIcon;
				ASSETCATALOG_COMPILER_GLOBAL_ACCENT_COLOR_NAME = AccentColor;
				CODE_SIGN_STYLE = Automatic;
				CURRENT_PROJECT_VERSION = 1;
				DEVELOPMENT_ASSET_PATHS = "\"Hello world/Preview Content\"";
				ENABLE_PREVIEWS = YES;
				GENERATE_INFOPLIST_FILE = YES;
				INFOPLIST_KEY_UIApplicationSceneManifest_Generation = YES;
				INFOPLIST_KEY_UIApplicationSupportsIndirectInputEvents = YES;
				INFOPLIST_KEY_UILaunchScreen_Generation = YES;
				INFOPLIST_KEY_UISupportedInterfaceOrientations_iPad = "UIInterfaceOrientationPortrait UIInterfaceOrientationPortraitUpsideDown UIInterfaceOrientationLandscapeLeft UIInterfaceOrientationLandscapeRight";
				INFOPLIST_KEY_UISupportedInterfaceOrientations_iPhone = "UIInterfaceOrientationPortrait UIInterfaceOrientationLandscapeLeft UIInterfaceOrientationLandscapeRight";
				LD_RUNPATH_SEARCH_PATHS = (
					"$(inherited)",
					"@executable_path/Frameworks",
				);
				MARKETING_VERSION = 1.0;
				PRODUCT_BUNDLE_IDENTIFIER = "com.vaha.Hello-world";
				PRODUCT_NAME = "$(TARGET_NAME)";
				SWIFT_EMIT_LOC_STRINGS = YES;
				SWIFT_VERSION = 5.0;
				TARGETED_DEVICE_FAMILY = "1,2";
			};
			name = Debug;
		};
		09124FB52C83B6E300AE524B /* Release */ = {
			isa = XCBuildConfiguration;
			buildSettings = {
				ASSETCATALOG_COMPILER_APPICON_NAME = AppIcon;
				ASSETCATALOG_COMPILER_GLOBAL_ACCENT_COLOR_NAME = AccentColor;
				CODE_SIGN_STYLE = Automatic;
				CURRENT_PROJECT_VERSION = 1;
				DEVELOPMENT_ASSET_PATHS = "\"Hello world/Preview Content\"";
				ENABLE_PREVIEWS = YES;
				GENERATE_INFOPLIST_FILE = YES;
				INFOPLIST_KEY_UIApplicationSceneManifest_Generation = YES;
				INFOPLIST_KEY_UIApplicationSupportsIndirectInputEvents = YES;
				INFOPLIST_KEY_UILaunchScreen_Generation = YES;
				INFOPLIST_KEY_UISupportedInterfaceOrientations_iPad = "UIInterfaceOrientationPortrait UIInterfaceOrientationPortraitUpsideDown UIInterfaceOrientationLandscapeLeft UIInterfaceOrientationLandscapeRight";
				INFOPLIST_KEY_UISupportedInterfaceOrientations_iPhone = "UIInterfaceOrientationPortrait UIInterfaceOrientationLandscapeLeft UIInterfaceOrientationLandscapeRight";
				LD_RUNPATH_SEARCH_PATHS = (
					"$(inherited)",
					"@executable_path/Frameworks",
				);
				MARKETING_VERSION = 1.0;
				PRODUCT_BUNDLE_IDENTIFIER = "com.vaha.Hello-world";
				PRODUCT_NAME = "$(TARGET_NAME)";
				SWIFT_EMIT_LOC_STRINGS = YES;
				SWIFT_VERSION = 5.0;
				TARGETED_DEVICE_FAMILY = "1,2";
			};
			name = Release;
		};
		09124FB72C83B6E300AE524B /* Debug */ = {
			isa = XCBuildConfiguration;
			buildSettings = {
				ALWAYS_EMBED_SWIFT_STANDARD_LIBRARIES = YES;
				BUNDLE_LOADER = "$(TEST_HOST)";
				CODE_SIGN_STYLE = Automatic;
				CURRENT_PROJECT_VERSION = 1;
				GENERATE_INFOPLIST_FILE = YES;
				IPHONEOS_DEPLOYMENT_TARGET = 17.5;
				MARKETING_VERSION = 1.0;
				PRODUCT_BUNDLE_IDENTIFIER = "com.vaha.Hello-worldTests";
				PRODUCT_NAME = "$(TARGET_NAME)";
				SWIFT_EMIT_LOC_STRINGS = NO;
				SWIFT_VERSION = 5.0;
				TARGETED_DEVICE_FAMILY = "1,2";
				TEST_HOST = "$(BUILT_PRODUCTS_DIR)/Hello world.app/$(BUNDLE_EXECUTABLE_FOLDER_PATH)/Hello world";
			};
			name = Debug;
		};
		09124FB82C83B6E300AE524B /* Release */ = {
			isa = XCBuildConfiguration;
			buildSettings = {
				ALWAYS_EMBED_SWIFT_STANDARD_LIBRARIES = YES;
				BUNDLE_LOADER = "$(TEST_HOST)";
				CODE_SIGN_STYLE = Automatic;
				CURRENT_PROJECT_VERSION = 1;
				GENERATE_INFOPLIST_FILE = YES;
				IPHONEOS_DEPLOYMENT_TARGET = 17.5;
				MARKETING_VERSION = 1.0;
				PRODUCT_BUNDLE_IDENTIFIER = "com.vaha.Hello-worldTests";
				PRODUCT_NAME = "$(TARGET_NAME)";
				SWIFT_EMIT_LOC_STRINGS = NO;
				SWIFT_VERSION = 5.0;
				TARGETED_DEVICE_FAMILY = "1,2";
				TEST_HOST = "$(BUILT_PRODUCTS_DIR)/Hello world.app/$(BUNDLE_EXECUTABLE_FOLDER_PATH)/Hello world";
			};
			name = Release;
		};
		09124FBA2C83B6E300AE524B /* Debug */ = {
			isa = XCBuildConfiguration;
			buildSettings = {
				ALWAYS_EMBED_SWIFT_STANDARD_LIBRARIES = YES;
				CODE_SIGN_STYLE = Automatic;
				CURRENT_PROJECT_VERSION = 1;
				GENERATE_INFOPLIST_FILE = YES;
				MARKETING_VERSION = 1.0;
				PRODUCT_BUNDLE_IDENTIFIER = "com.vaha.Hello-worldUITests";
				PRODUCT_NAME = "$(TARGET_NAME)";
				SWIFT_EMIT_LOC_STRINGS = NO;
				SWIFT_VERSION = 5.0;
				TARGETED_DEVICE_FAMILY = "1,2";
				TEST_TARGET_NAME = "Hello world";
			};
			name = Debug;
		};
		09124FBB2C83B6E300AE524B /* Release */ = {
			isa = XCBuildConfiguration;
			buildSettings = {
				ALWAYS_EMBED_SWIFT_STANDARD_LIBRARIES = YES;
				CODE_SIGN_STYLE = Automatic;
				CURRENT_PROJECT_VERSION = 1;
				GENERATE_INFOPLIST_FILE = YES;
				MARKETING_VERSION = 1.0;
				PRODUCT_BUNDLE_IDENTIFIER = "com.vaha.Hello-worldUITests";
				PRODUCT_NAME = "$(TARGET_NAME)";
				SWIFT_EMIT_LOC_STRINGS = NO;
				SWIFT_VERSION = 5.0;
				TARGETED_DEVICE_FAMILY = "1,2";
				TEST_TARGET_NAME = "Hello world";
			};
			name = Release;
		};
/* End XCBuildConfiguration section */

/* Begin XCConfigurationList section */
		09124F8A2C83B6E100AE524B /* Build configuration list for PBXProject "Hello world" */ = {
			isa = XCConfigurationList;
			buildConfigurations = (
				09124FB12C83B6E300AE524B /* Debug */,
				09124FB22C83B6E300AE524B /* Release */,
			);
			defaultConfigurationIsVisible = 0;
			defaultConfigurationName = Release;
		};
		09124FB32C83B6E300AE524B /* Build configuration list for PBXNativeTarget "Hello world" */ = {
			isa = XCConfigurationList;
			buildConfigurations = (
				09124FB42C83B6E300AE524B /* Debug */,
				09124FB52C83B6E300AE524B /* Release */,
			);
			defaultConfigurationIsVisible = 0;
			defaultConfigurationName = Release;
		};
		09124FB62C83B6E300AE524B /* Build configuration list for PBXNativeTarget "Hello worldTests" */ = {
			isa = XCConfigurationList;
			buildConfigurations = (
				09124FB72C83B6E300AE524B /* Debug */,
				09124FB82C83B6E300AE524B /* Release */,
			);
			defaultConfigurationIsVisible = 0;
			defaultConfigurationName = Release;
		};
		09124FB92C83B6E300AE524B /* Build configuration list for PBXNativeTarget "Hello worldUITests" */ = {
			isa = XCConfigurationList;
			buildConfigurations = (
				09124FBA2C83B6E300AE524B /* Debug */,
				09124FBB2C83B6E300AE524B /* Release */,
			);
			defaultConfigurationIsVisible = 0;
			defaultConfigurationName = Release;
		};
/* End XCConfigurationList section */
	};
	rootObject = 09124F872C83B6E100AE524B /* Project object */;
}
